// !$*UTF8*$!
{
	archiveVersion = 1;
	classes = {
	};
	objectVersion = 46;
	objects = {

/* Begin PBXBuildFile section */
		14FC6B671E6F770F005EBAA8 /* AppDelegate.swift in Sources */ = {isa = PBXBuildFile; fileRef = 14FC6B661E6F770F005EBAA8 /* AppDelegate.swift */; };
		14FC6B691E6F770F005EBAA8 /* ViewController.swift in Sources */ = {isa = PBXBuildFile; fileRef = 14FC6B681E6F770F005EBAA8 /* ViewController.swift */; };
		14FC6B6C1E6F7710005EBAA8 /* Main.storyboard in Resources */ = {isa = PBXBuildFile; fileRef = 14FC6B6A1E6F7710005EBAA8 /* Main.storyboard */; };
		14FC6B6E1E6F7710005EBAA8 /* Assets.xcassets in Resources */ = {isa = PBXBuildFile; fileRef = 14FC6B6D1E6F7710005EBAA8 /* Assets.xcassets */; };
		14FC6B711E6F7710005EBAA8 /* LaunchScreen.storyboard in Resources */ = {isa = PBXBuildFile; fileRef = 14FC6B6F1E6F7710005EBAA8 /* LaunchScreen.storyboard */; };
		14FC6B7C1E6F7710005EBAA8 /* InstagramCopyTests.swift in Sources */ = {isa = PBXBuildFile; fileRef = 14FC6B7B1E6F7710005EBAA8 /* InstagramCopyTests.swift */; };
		14FC6B871E6F7710005EBAA8 /* InstagramCopyUITests.swift in Sources */ = {isa = PBXBuildFile; fileRef = 14FC6B861E6F7710005EBAA8 /* InstagramCopyUITests.swift */; };
/* End PBXBuildFile section */

/* Begin PBXContainerItemProxy section */
		14FC6B781E6F7710005EBAA8 /* PBXContainerItemProxy */ = {
			isa = PBXContainerItemProxy;
			containerPortal = 14FC6B5B1E6F770F005EBAA8 /* Project object */;
			proxyType = 1;
			remoteGlobalIDString = 14FC6B621E6F770F005EBAA8;
			remoteInfo = InstagramCopy;
		};
		14FC6B831E6F7710005EBAA8 /* PBXContainerItemProxy */ = {
			isa = PBXContainerItemProxy;
			containerPortal = 14FC6B5B1E6F770F005EBAA8 /* Project object */;
			proxyType = 1;
			remoteGlobalIDString = 14FC6B621E6F770F005EBAA8;
			remoteInfo = InstagramCopy;
		};
/* End PBXContainerItemProxy section */

/* Begin PBXFileReference section */
		14FC6B631E6F770F005EBAA8 /* InstagramCopy.app */ = {isa = PBXFileReference; explicitFileType = wrapper.application; includeInIndex = 0; path = InstagramCopy.app; sourceTree = BUILT_PRODUCTS_DIR; };
		14FC6B661E6F770F005EBAA8 /* AppDelegate.swift */ = {isa = PBXFileReference; lastKnownFileType = sourcecode.swift; path = AppDelegate.swift; sourceTree = "<group>"; };
		14FC6B681E6F770F005EBAA8 /* ViewController.swift */ = {isa = PBXFileReference; lastKnownFileType = sourcecode.swift; path = ViewController.swift; sourceTree = "<group>"; };
		14FC6B6B1E6F7710005EBAA8 /* Base */ = {isa = PBXFileReference; lastKnownFileType = file.storyboard; name = Base; path = Base.lproj/Main.storyboard; sourceTree = "<group>"; };
		14FC6B6D1E6F7710005EBAA8 /* Assets.xcassets */ = {isa = PBXFileReference; lastKnownFileType = folder.assetcatalog; path = Assets.xcassets; sourceTree = "<group>"; };
		14FC6B701E6F7710005EBAA8 /* Base */ = {isa = PBXFileReference; lastKnownFileType = file.storyboard; name = Base; path = Base.lproj/LaunchScreen.storyboard; sourceTree = "<group>"; };
		14FC6B721E6F7710005EBAA8 /* Info.plist */ = {isa = PBXFileReference; lastKnownFileType = text.plist.xml; path = Info.plist; sourceTree = "<group>"; };
		14FC6B771E6F7710005EBAA8 /* InstagramCopyTests.xctest */ = {isa = PBXFileReference; explicitFileType = wrapper.cfbundle; includeInIndex = 0; path = InstagramCopyTests.xctest; sourceTree = BUILT_PRODUCTS_DIR; };
		14FC6B7B1E6F7710005EBAA8 /* InstagramCopyTests.swift */ = {isa = PBXFileReference; lastKnownFileType = sourcecode.swift; path = InstagramCopyTests.swift; sourceTree = "<group>"; };
		14FC6B7D1E6F7710005EBAA8 /* Info.plist */ = {isa = PBXFileReference; lastKnownFileType = text.plist.xml; path = Info.plist; sourceTree = "<group>"; };
		14FC6B821E6F7710005EBAA8 /* InstagramCopyUITests.xctest */ = {isa = PBXFileReference; explicitFileType = wrapper.cfbundle; includeInIndex = 0; path = InstagramCopyUITests.xctest; sourceTree = BUILT_PRODUCTS_DIR; };
		14FC6B861E6F7710005EBAA8 /* InstagramCopyUITests.swift */ = {isa = PBXFileReference; lastKnownFileType = sourcecode.swift; path = InstagramCopyUITests.swift; sourceTree = "<group>"; };
		14FC6B881E6F7710005EBAA8 /* Info.plist */ = {isa = PBXFileReference; lastKnownFileType = text.plist.xml; path = Info.plist; sourceTree = "<group>"; };
/* End PBXFileReference section */

/* Begin PBXFrameworksBuildPhase section */
		14FC6B601E6F770F005EBAA8 /* Frameworks */ = {
			isa = PBXFrameworksBuildPhase;
			buildActionMask = 2147483647;
			files = (
			);
			runOnlyForDeploymentPostprocessing = 0;
		};
		14FC6B741E6F7710005EBAA8 /* Frameworks */ = {
			isa = PBXFrameworksBuildPhase;
			buildActionMask = 2147483647;
			files = (
			);
			runOnlyForDeploymentPostprocessing = 0;
		};
		14FC6B7F1E6F7710005EBAA8 /* Frameworks */ = {
			isa = PBXFrameworksBuildPhase;
			buildActionMask = 2147483647;
			files = (
			);
			runOnlyForDeploymentPostprocessing = 0;
		};
/* End PBXFrameworksBuildPhase section */

/* Begin PBXGroup section */
		14FC6B5A1E6F770F005EBAA8 = {
			isa = PBXGroup;
			children = (
				14FC6B651E6F770F005EBAA8 /* InstagramCopy */,
				14FC6B7A1E6F7710005EBAA8 /* InstagramCopyTests */,
				14FC6B851E6F7710005EBAA8 /* InstagramCopyUITests */,
				14FC6B641E6F770F005EBAA8 /* Products */,
			);
			sourceTree = "<group>";
		};
		14FC6B641E6F770F005EBAA8 /* Products */ = {
			isa = PBXGroup;
			children = (
				14FC6B631E6F770F005EBAA8 /* InstagramCopy.app */,
				14FC6B771E6F7710005EBAA8 /* InstagramCopyTests.xctest */,
				14FC6B821E6F7710005EBAA8 /* InstagramCopyUITests.xctest */,
			);
			name = Products;
			sourceTree = "<group>";
		};
		14FC6B651E6F770F005EBAA8 /* InstagramCopy */ = {
			isa = PBXGroup;
			children = (
				14FC6B661E6F770F005EBAA8 /* AppDelegate.swift */,
				14FC6B681E6F770F005EBAA8 /* ViewController.swift */,
				14FC6B6A1E6F7710005EBAA8 /* Main.storyboard */,
				14FC6B6D1E6F7710005EBAA8 /* Assets.xcassets */,
				14FC6B6F1E6F7710005EBAA8 /* LaunchScreen.storyboard */,
				14FC6B721E6F7710005EBAA8 /* Info.plist */,
			);
			path = InstagramCopy;
			sourceTree = "<group>";
		};
		14FC6B7A1E6F7710005EBAA8 /* InstagramCopyTests */ = {
			isa = PBXGroup;
			children = (
				14FC6B7B1E6F7710005EBAA8 /* InstagramCopyTests.swift */,
				14FC6B7D1E6F7710005EBAA8 /* Info.plist */,
			);
			path = InstagramCopyTests;
			sourceTree = "<group>";
		};
		14FC6B851E6F7710005EBAA8 /* InstagramCopyUITests */ = {
			isa = PBXGroup;
			children = (
				14FC6B861E6F7710005EBAA8 /* InstagramCopyUITests.swift */,
				14FC6B881E6F7710005EBAA8 /* Info.plist */,
			);
			path = InstagramCopyUITests;
			sourceTree = "<group>";
		};
/* End PBXGroup section */

/* Begin PBXNativeTarget section */
		14FC6B621E6F770F005EBAA8 /* InstagramCopy */ = {
			isa = PBXNativeTarget;
			buildConfigurationList = 14FC6B8B1E6F7710005EBAA8 /* Build configuration list for PBXNativeTarget "InstagramCopy" */;
			buildPhases = (
				14FC6B5F1E6F770F005EBAA8 /* Sources */,
				14FC6B601E6F770F005EBAA8 /* Frameworks */,
				14FC6B611E6F770F005EBAA8 /* Resources */,
			);
			buildRules = (
			);
			dependencies = (
			);
			name = InstagramCopy;
			productName = InstagramCopy;
			productReference = 14FC6B631E6F770F005EBAA8 /* InstagramCopy.app */;
			productType = "com.apple.product-type.application";
		};
		14FC6B761E6F7710005EBAA8 /* InstagramCopyTests */ = {
			isa = PBXNativeTarget;
			buildConfigurationList = 14FC6B8E1E6F7710005EBAA8 /* Build configuration list for PBXNativeTarget "InstagramCopyTests" */;
			buildPhases = (
				14FC6B731E6F7710005EBAA8 /* Sources */,
				14FC6B741E6F7710005EBAA8 /* Frameworks */,
				14FC6B751E6F7710005EBAA8 /* Resources */,
			);
			buildRules = (
			);
			dependencies = (
				14FC6B791E6F7710005EBAA8 /* PBXTargetDependency */,
			);
			name = InstagramCopyTests;
			productName = InstagramCopyTests;
			productReference = 14FC6B771E6F7710005EBAA8 /* InstagramCopyTests.xctest */;
			productType = "com.apple.product-type.bundle.unit-test";
		};
		14FC6B811E6F7710005EBAA8 /* InstagramCopyUITests */ = {
			isa = PBXNativeTarget;
			buildConfigurationList = 14FC6B911E6F7710005EBAA8 /* Build configuration list for PBXNativeTarget "InstagramCopyUITests" */;
			buildPhases = (
				14FC6B7E1E6F7710005EBAA8 /* Sources */,
				14FC6B7F1E6F7710005EBAA8 /* Frameworks */,
				14FC6B801E6F7710005EBAA8 /* Resources */,
			);
			buildRules = (
			);
			dependencies = (
				14FC6B841E6F7710005EBAA8 /* PBXTargetDependency */,
			);
			name = InstagramCopyUITests;
			productName = InstagramCopyUITests;
			productReference = 14FC6B821E6F7710005EBAA8 /* InstagramCopyUITests.xctest */;
			productType = "com.apple.product-type.bundle.ui-testing";
		};
/* End PBXNativeTarget section */

/* Begin PBXProject section */
		14FC6B5B1E6F770F005EBAA8 /* Project object */ = {
			isa = PBXProject;
			attributes = {
				LastSwiftUpdateCheck = 0820;
				LastUpgradeCheck = 0820;
				ORGANIZATIONNAME = "Deep S Randhawa";
				TargetAttributes = {
					14FC6B621E6F770F005EBAA8 = {
						CreatedOnToolsVersion = 8.2.1;
						ProvisioningStyle = Automatic;
					};
					14FC6B761E6F7710005EBAA8 = {
						CreatedOnToolsVersion = 8.2.1;
						ProvisioningStyle = Automatic;
						TestTargetID = 14FC6B621E6F770F005EBAA8;
					};
					14FC6B811E6F7710005EBAA8 = {
						CreatedOnToolsVersion = 8.2.1;
						ProvisioningStyle = Automatic;
						TestTargetID = 14FC6B621E6F770F005EBAA8;
					};
				};
			};
			buildConfigurationList = 14FC6B5E1E6F770F005EBAA8 /* Build configuration list for PBXProject "InstagramCopy" */;
			compatibilityVersion = "Xcode 3.2";
			developmentRegion = English;
			hasScannedForEncodings = 0;
			knownRegions = (
				en,
				Base,
			);
			mainGroup = 14FC6B5A1E6F770F005EBAA8;
			productRefGroup = 14FC6B641E6F770F005EBAA8 /* Products */;
			projectDirPath = "";
			projectRoot = "";
			targets = (
				14FC6B621E6F770F005EBAA8 /* InstagramCopy */,
				14FC6B761E6F7710005EBAA8 /* InstagramCopyTests */,
				14FC6B811E6F7710005EBAA8 /* InstagramCopyUITests */,
			);
		};
/* End PBXProject section */

/* Begin PBXResourcesBuildPhase section */
		14FC6B611E6F770F005EBAA8 /* Resources */ = {
			isa = PBXResourcesBuildPhase;
			buildActionMask = 2147483647;
			files = (
				14FC6B711E6F7710005EBAA8 /* LaunchScreen.storyboard in Resources */,
				14FC6B6E1E6F7710005EBAA8 /* Assets.xcassets in Resources */,
				14FC6B6C1E6F7710005EBAA8 /* Main.storyboard in Resources */,
			);
			runOnlyForDeploymentPostprocessing = 0;
		};
		14FC6B751E6F7710005EBAA8 /* Resources */ = {
			isa = PBXResourcesBuildPhase;
			buildActionMask = 2147483647;
			files = (
			);
			runOnlyForDeploymentPostprocessing = 0;
		};
		14FC6B801E6F7710005EBAA8 /* Resources */ = {
			isa = PBXResourcesBuildPhase;
			buildActionMask = 2147483647;
			files = (
			);
			runOnlyForDeploymentPostprocessing = 0;
		};
/* End PBXResourcesBuildPhase section */

/* Begin PBXSourcesBuildPhase section */
		14FC6B5F1E6F770F005EBAA8 /* Sources */ = {
			isa = PBXSourcesBuildPhase;
			buildActionMask = 2147483647;
			files = (
				14FC6B691E6F770F005EBAA8 /* ViewController.swift in Sources */,
				14FC6B671E6F770F005EBAA8 /* AppDelegate.swift in Sources */,
			);
			runOnlyForDeploymentPostprocessing = 0;
		};
		14FC6B731E6F7710005EBAA8 /* Sources */ = {
			isa = PBXSourcesBuildPhase;
			buildActionMask = 2147483647;
			files = (
				14FC6B7C1E6F7710005EBAA8 /* InstagramCopyTests.swift in Sources */,
			);
			runOnlyForDeploymentPostprocessing = 0;
		};
		14FC6B7E1E6F7710005EBAA8 /* Sources */ = {
			isa = PBXSourcesBuildPhase;
			buildActionMask = 2147483647;
			files = (
				14FC6B871E6F7710005EBAA8 /* InstagramCopyUITests.swift in Sources */,
			);
			runOnlyForDeploymentPostprocessing = 0;
		};
/* End PBXSourcesBuildPhase section */

/* Begin PBXTargetDependency section */
		14FC6B791E6F7710005EBAA8 /* PBXTargetDependency */ = {
			isa = PBXTargetDependency;
			target = 14FC6B621E6F770F005EBAA8 /* InstagramCopy */;
			targetProxy = 14FC6B781E6F7710005EBAA8 /* PBXContainerItemProxy */;
		};
		14FC6B841E6F7710005EBAA8 /* PBXTargetDependency */ = {
			isa = PBXTargetDependency;
			target = 14FC6B621E6F770F005EBAA8 /* InstagramCopy */;
			targetProxy = 14FC6B831E6F7710005EBAA8 /* PBXContainerItemProxy */;
		};
/* End PBXTargetDependency section */

/* Begin PBXVariantGroup section */
		14FC6B6A1E6F7710005EBAA8 /* Main.storyboard */ = {
			isa = PBXVariantGroup;
			children = (
				14FC6B6B1E6F7710005EBAA8 /* Base */,
			);
			name = Main.storyboard;
			sourceTree = "<group>";
		};
		14FC6B6F1E6F7710005EBAA8 /* LaunchScreen.storyboard */ = {
			isa = PBXVariantGroup;
			children = (
				14FC6B701E6F7710005EBAA8 /* Base */,
			);
			name = LaunchScreen.storyboard;
			sourceTree = "<group>";
		};
/* End PBXVariantGroup section */

/* Begin XCBuildConfiguration section */
		14FC6B891E6F7710005EBAA8 /* Debug */ = {
			isa = XCBuildConfiguration;
			buildSettings = {
				ALWAYS_SEARCH_USER_PATHS = NO;
				CLANG_ANALYZER_NONNULL = YES;
				CLANG_CXX_LANGUAGE_STANDARD = "gnu++0x";
				CLANG_CXX_LIBRARY = "libc++";
				CLANG_ENABLE_MODULES = YES;
				CLANG_ENABLE_OBJC_ARC = YES;
				CLANG_WARN_BOOL_CONVERSION = YES;
				CLANG_WARN_CONSTANT_CONVERSION = YES;
				CLANG_WARN_DIRECT_OBJC_ISA_USAGE = YES_ERROR;
				CLANG_WARN_DOCUMENTATION_COMMENTS = YES;
				CLANG_WARN_EMPTY_BODY = YES;
				CLANG_WARN_ENUM_CONVERSION = YES;
				CLANG_WARN_INFINITE_RECURSION = YES;
				CLANG_WARN_INT_CONVERSION = YES;
				CLANG_WARN_OBJC_ROOT_CLASS = YES_ERROR;
				CLANG_WARN_SUSPICIOUS_MOVE = YES;
				CLANG_WARN_UNREACHABLE_CODE = YES;
				CLANG_WARN__DUPLICATE_METHOD_MATCH = YES;
				"CODE_SIGN_IDENTITY[sdk=iphoneos*]" = "iPhone Developer";
				COPY_PHASE_STRIP = NO;
				DEBUG_INFORMATION_FORMAT = dwarf;
				ENABLE_STRICT_OBJC_MSGSEND = YES;
				ENABLE_TESTABILITY = YES;
				GCC_C_LANGUAGE_STANDARD = gnu99;
				GCC_DYNAMIC_NO_PIC = NO;
				GCC_NO_COMMON_BLOCKS = YES;
				GCC_OPTIMIZATION_LEVEL = 0;
				GCC_PREPROCESSOR_DEFINITIONS = (
					"DEBUG=1",
					"$(inherited)",
				);
				GCC_WARN_64_TO_32_BIT_CONVERSION = YES;
				GCC_WARN_ABOUT_RETURN_TYPE = YES_ERROR;
				GCC_WARN_UNDECLARED_SELECTOR = YES;
				GCC_WARN_UNINITIALIZED_AUTOS = YES_AGGRESSIVE;
				GCC_WARN_UNUSED_FUNCTION = YES;
				GCC_WARN_UNUSED_VARIABLE = YES;
				IPHONEOS_DEPLOYMENT_TARGET = 10.2;
				MTL_ENABLE_DEBUG_INFO = YES;
				ONLY_ACTIVE_ARCH = YES;
				SDKROOT = iphoneos;
				SWIFT_ACTIVE_COMPILATION_CONDITIONS = DEBUG;
				SWIFT_OPTIMIZATION_LEVEL = "-Onone";
				TARGETED_DEVICE_FAMILY = "1,2";
			};
			name = Debug;
		};
		14FC6B8A1E6F7710005EBAA8 /* Release */ = {
			isa = XCBuildConfiguration;
			buildSettings = {
				ALWAYS_SEARCH_USER_PATHS = NO;
				CLANG_ANALYZER_NONNULL = YES;
				CLANG_CXX_LANGUAGE_STANDARD = "gnu++0x";
				CLANG_CXX_LIBRARY = "libc++";
				CLANG_ENABLE_MODULES = YES;
				CLANG_ENABLE_OBJC_ARC = YES;
				CLANG_WARN_BOOL_CONVERSION = YES;
				CLANG_WARN_CONSTANT_CONVERSION = YES;
				CLANG_WARN_DIRECT_OBJC_ISA_USAGE = YES_ERROR;
				CLANG_WARN_DOCUMENTATION_COMMENTS = YES;
				CLANG_WARN_EMPTY_BODY = YES;
				CLANG_WARN_ENUM_CONVERSION = YES;
				CLANG_WARN_INFINITE_RECURSION = YES;
				CLANG_WARN_INT_CONVERSION = YES;
				CLANG_WARN_OBJC_ROOT_CLASS = YES_ERROR;
				CLANG_WARN_SUSPICIOUS_MOVE = YES;
				CLANG_WARN_UNREACHABLE_CODE = YES;
				CLANG_WARN__DUPLICATE_METHOD_MATCH = YES;
				"CODE_SIGN_IDENTITY[sdk=iphoneos*]" = "iPhone Developer";
				COPY_PHASE_STRIP = NO;
				DEBUG_INFORMATION_FORMAT = "dwarf-with-dsym";
				ENABLE_NS_ASSERTIONS = NO;
				ENABLE_STRICT_OBJC_MSGSEND = YES;
				GCC_C_LANGUAGE_STANDARD = gnu99;
				GCC_NO_COMMON_BLOCKS = YES;
				GCC_WARN_64_TO_32_BIT_CONVERSION = YES;
				GCC_WARN_ABOUT_RETURN_TYPE = YES_ERROR;
				GCC_WARN_UNDECLARED_SELECTOR = YES;
				GCC_WARN_UNINITIALIZED_AUTOS = YES_AGGRESSIVE;
				GCC_WARN_UNUSED_FUNCTION = YES;
				GCC_WARN_UNUSED_VARIABLE = YES;
				IPHONEOS_DEPLOYMENT_TARGET = 10.2;
				MTL_ENABLE_DEBUG_INFO = NO;
				SDKROOT = iphoneos;
				SWIFT_OPTIMIZATION_LEVEL = "-Owholemodule";
				TARGETED_DEVICE_FAMILY = "1,2";
				VALIDATE_PRODUCT = YES;
			};
			name = Release;
		};
		14FC6B8C1E6F7710005EBAA8 /* Debug */ = {
			isa = XCBuildConfiguration;
			buildSettings = {
				ASSETCATALOG_COMPILER_APPICON_NAME = AppIcon;
				INFOPLIST_FILE = InstagramCopy/Info.plist;
				LD_RUNPATH_SEARCH_PATHS = "$(inherited) @executable_path/Frameworks";
				PRODUCT_BUNDLE_IDENTIFIER = randhawa.deep.InstagramCopy;
				PRODUCT_NAME = "$(TARGET_NAME)";
				SWIFT_VERSION = 3.0;
			};
			name = Debug;
		};
		14FC6B8D1E6F7710005EBAA8 /* Release */ = {
			isa = XCBuildConfiguration;
			buildSettings = {
				ASSETCATALOG_COMPILER_APPICON_NAME = AppIcon;
				INFOPLIST_FILE = InstagramCopy/Info.plist;
				LD_RUNPATH_SEARCH_PATHS = "$(inherited) @executable_path/Frameworks";
				PRODUCT_BUNDLE_IDENTIFIER = randhawa.deep.InstagramCopy;
				PRODUCT_NAME = "$(TARGET_NAME)";
				SWIFT_VERSION = 3.0;
			};
			name = Release;
		};
		14FC6B8F1E6F7710005EBAA8 /* Debug */ = {
			isa = XCBuildConfiguration;
			buildSettings = {
				ALWAYS_EMBED_SWIFT_STANDARD_LIBRARIES = YES;
				BUNDLE_LOADER = "$(TEST_HOST)";
				INFOPLIST_FILE = InstagramCopyTests/Info.plist;
				LD_RUNPATH_SEARCH_PATHS = "$(inherited) @executable_path/Frameworks @loader_path/Frameworks";
				PRODUCT_BUNDLE_IDENTIFIER = randhawa.deep.InstagramCopyTests;
				PRODUCT_NAME = "$(TARGET_NAME)";
				SWIFT_VERSION = 3.0;
				TEST_HOST = "$(BUILT_PRODUCTS_DIR)/InstagramCopy.app/InstagramCopy";
			};
			name = Debug;
		};
		14FC6B901E6F7710005EBAA8 /* Release */ = {
			isa = XCBuildConfiguration;
			buildSettings = {
				ALWAYS_EMBED_SWIFT_STANDARD_LIBRARIES = YES;
				BUNDLE_LOADER = "$(TEST_HOST)";
				INFOPLIST_FILE = InstagramCopyTests/Info.plist;
				LD_RUNPATH_SEARCH_PATHS = "$(inherited) @executable_path/Frameworks @loader_path/Frameworks";
				PRODUCT_BUNDLE_IDENTIFIER = randhawa.deep.InstagramCopyTests;
				PRODUCT_NAME = "$(TARGET_NAME)";
				SWIFT_VERSION = 3.0;
				TEST_HOST = "$(BUILT_PRODUCTS_DIR)/InstagramCopy.app/InstagramCopy";
			};
			name = Release;
		};
		14FC6B921E6F7710005EBAA8 /* Debug */ = {
			isa = XCBuildConfiguration;
			buildSettings = {
				ALWAYS_EMBED_SWIFT_STANDARD_LIBRARIES = YES;
				INFOPLIST_FILE = InstagramCopyUITests/Info.plist;
				LD_RUNPATH_SEARCH_PATHS = "$(inherited) @executable_path/Frameworks @loader_path/Frameworks";
				PRODUCT_BUNDLE_IDENTIFIER = randhawa.deep.InstagramCopyUITests;
				PRODUCT_NAME = "$(TARGET_NAME)";
				SWIFT_VERSION = 3.0;
				TEST_TARGET_NAME = InstagramCopy;
			};
			name = Debug;
		};
		14FC6B931E6F7710005EBAA8 /* Release */ = {
			isa = XCBuildConfiguration;
			buildSettings = {
				ALWAYS_EMBED_SWIFT_STANDARD_LIBRARIES = YES;
				INFOPLIST_FILE = InstagramCopyUITests/Info.plist;
				LD_RUNPATH_SEARCH_PATHS = "$(inherited) @executable_path/Frameworks @loader_path/Frameworks";
				PRODUCT_BUNDLE_IDENTIFIER = randhawa.deep.InstagramCopyUITests;
				PRODUCT_NAME = "$(TARGET_NAME)";
				SWIFT_VERSION = 3.0;
				TEST_TARGET_NAME = InstagramCopy;
			};
			name = Release;
		};
/* End XCBuildConfiguration section */

/* Begin XCConfigurationList section */
		14FC6B5E1E6F770F005EBAA8 /* Build configuration list for PBXProject "InstagramCopy" */ = {
			isa = XCConfigurationList;
			buildConfigurations = (
				14FC6B891E6F7710005EBAA8 /* Debug */,
				14FC6B8A1E6F7710005EBAA8 /* Release */,
			);
			defaultConfigurationIsVisible = 0;
			defaultConfigurationName = Release;
		};
		14FC6B8B1E6F7710005EBAA8 /* Build configuration list for PBXNativeTarget "InstagramCopy" */ = {
			isa = XCConfigurationList;
			buildConfigurations = (
				14FC6B8C1E6F7710005EBAA8 /* Debug */,
				14FC6B8D1E6F7710005EBAA8 /* Release */,
			);
			defaultConfigurationIsVisible = 0;
		};
		14FC6B8E1E6F7710005EBAA8 /* Build configuration list for PBXNativeTarget "InstagramCopyTests" */ = {
			isa = XCConfigurationList;
			buildConfigurations = (
				14FC6B8F1E6F7710005EBAA8 /* Debug */,
				14FC6B901E6F7710005EBAA8 /* Release */,
			);
			defaultConfigurationIsVisible = 0;
		};
		14FC6B911E6F7710005EBAA8 /* Build configuration list for PBXNativeTarget "InstagramCopyUITests" */ = {
			isa = XCConfigurationList;
			buildConfigurations = (
				14FC6B921E6F7710005EBAA8 /* Debug */,
				14FC6B931E6F7710005EBAA8 /* Release */,
			);
			defaultConfigurationIsVisible = 0;
		};
/* End XCConfigurationList section */
	};
	rootObject = 14FC6B5B1E6F770F005EBAA8 /* Project object */;
}
